
Microsoft Visual Studio Solution File, Format Version 12.00
# Visual Studio 15
VisualStudioVersion = 15.0.28307.1500
MinimumVisualStudioVersion = 10.0.40219.1
Project("{F2A71F9B-5D33-465A-A702-920D77279786}") = "sr_tweet_vis", "sr_tweet_vis\sr_tweet_vis.fsproj", "{3708B5BF-6295-48B6-97D1-B67CB45BA991}"
EndProject
Global
	GlobalSection(SolutionConfigurationPlatforms) = preSolution
		Debug|Any CPU = Debug|Any CPU
		Release|Any CPU = Release|Any CPU
	EndGlobalSection
	GlobalSection(ProjectConfigurationPlatforms) = postSolution
		{3708B5BF-6295-48B6-97D1-B67CB45BA991}.Debug|Any CPU.ActiveCfg = Debug|Any CPU
		{3708B5BF-6295-48B6-97D1-B67CB45BA991}.Debug|Any CPU.Build.0 = Debug|Any CPU
		{3708B5BF-6295-48B6-97D1-B67CB45BA991}.Release|Any CPU.ActiveCfg = Release|Any CPU
		{3708B5BF-6295-48B6-97D1-B67CB45BA991}.Release|Any CPU.Build.0 = Release|Any CPU
	EndGlobalSection
	GlobalSection(SolutionProperties) = preSolution
		HideSolutionNode = FALSE
	EndGlobalSection
	GlobalSection(ExtensibilityGlobals) = postSolution
		SolutionGuid = {57EB30DA-FE55-4812-A443-7C2EC052F4FA}
	EndGlobalSection
EndGlobal
